{
  "pins" : [
    {
      "identity" : "mathkeyboardengine.swift",
      "kind" : "remoteSourceControl",
      "location" : "https://github.com/MathKeyboardEngine/MathKeyboardEngine.Swift",
      "state" : {
        "revision" : "55e1c97c4a7415251a12ec49b2431d158ad2eb23",
        "version" : "1.0.0"
      }
    }
  ],
  "version" : 2
}