{
  "pins" : [
    {
      "identity" : "mathkeyboardengine.swift",
      "kind" : "remoteSourceControl",
      "location" : "https://github.com/MathKeyboardEngine/MathKeyboardEngine.Swift",
      "state" : {
        "revision" : "cba775252463ed88e589fc54a3435b211399b969",
        "version" : "0.1.0-alpha.3"
      }
    }
  ],
  "version" : 2
}