{
  "pins" : [
    {
      "identity" : "mathkeyboardengine.swift",
      "kind" : "remoteSourceControl",
      "location" : "https://github.com/MathKeyboardEngine/MathKeyboardEngine.Swift",
      "state" : {
        "revision" : "3d3919d9b1d5c21ccf70d70739e037bb0bf1d866",
        "version" : "0.1.0"
      }
    }
  ],
  "version" : 2
}